
Microsoft Visual Studio Solution File, Format Version 12.00
# Visual Studio Version 17
VisualStudioVersion = 17.7.34031.279
MinimumVisualStudioVersion = 10.0.40219.1
Project("{9A19103F-16F7-4668-BE54-9A1E7A4F7556}") = "DataBaseSetupV3", "DataBaseSetupV32\DataBaseSetupV3.csproj", "{98A1C01F-C3BF-4F6B-8C6A-EDB83954885C}"
EndProject
Project("{FAE04EC0-301F-11D3-BF4B-00C04F79EFBC}") = "AttDataCore", "AttDataCore\AttDataCore.csproj", "{D5F581DE-D308-1B82-D466-49C19233DB85}"
EndProject
Global
	GlobalSection(SolutionConfigurationPlatforms) = preSolution
		Debug|Any CPU = Debug|Any CPU
		Release|Any CPU = Release|Any CPU
	EndGlobalSection
	GlobalSection(ProjectConfigurationPlatforms) = postSolution
		{98A1C01F-C3BF-4F6B-8C6A-EDB83954885C}.Debug|Any CPU.ActiveCfg = Debug|Any CPU
		{98A1C01F-C3BF-4F6B-8C6A-EDB83954885C}.Debug|Any CPU.Build.0 = Debug|Any CPU
		{98A1C01F-C3BF-4F6B-8C6A-EDB83954885C}.Release|Any CPU.ActiveCfg = Release|Any CPU
		{98A1C01F-C3BF-4F6B-8C6A-EDB83954885C}.Release|Any CPU.Build.0 = Release|Any CPU
		{D5F581DE-D308-1B82-D466-49C19233DB85}.Debug|Any CPU.ActiveCfg = Debug|Any CPU
		{D5F581DE-D308-1B82-D466-49C19233DB85}.Debug|Any CPU.Build.0 = Debug|Any CPU
		{D5F581DE-D308-1B82-D466-49C19233DB85}.Release|Any CPU.ActiveCfg = Release|Any CPU
		{D5F581DE-D308-1B82-D466-49C19233DB85}.Release|Any CPU.Build.0 = Release|Any CPU
	EndGlobalSection
	GlobalSection(SolutionProperties) = preSolution
		HideSolutionNode = FALSE
	EndGlobalSection
	GlobalSection(ExtensibilityGlobals) = postSolution
		SolutionGuid = {17906BA5-A9EB-4178-AEDF-8CBC10EF4135}
	EndGlobalSection
EndGlobal
